
Microsoft Visual Studio Solution File, Format Version 12.00
# Visual Studio Version 17
VisualStudioVersion = 17.14.36327.8 d17.14
MinimumVisualStudioVersion = 10.0.40219.1
Project("{FAE04EC0-301F-11D3-BF4B-00C04F79EFBC}") = "IdeaCenterExamPrepOne", "ExamPrepOne\IdeaCenterExamPrepOne.csproj", "{C9C65CAD-242A-4FB1-9ADD-4C64DA37D566}"
EndProject
Global
	GlobalSection(SolutionConfigurationPlatforms) = preSolution
		Debug|Any CPU = Debug|Any CPU
		Release|Any CPU = Release|Any CPU
	EndGlobalSection
	GlobalSection(ProjectConfigurationPlatforms) = postSolution
		{C9C65CAD-242A-4FB1-9ADD-4C64DA37D566}.Debug|Any CPU.ActiveCfg = Debug|Any CPU
		{C9C65CAD-242A-4FB1-9ADD-4C64DA37D566}.Debug|Any CPU.Build.0 = Debug|Any CPU
		{C9C65CAD-242A-4FB1-9ADD-4C64DA37D566}.Release|Any CPU.ActiveCfg = Release|Any CPU
		{C9C65CAD-242A-4FB1-9ADD-4C64DA37D566}.Release|Any CPU.Build.0 = Release|Any CPU
	EndGlobalSection
	GlobalSection(SolutionProperties) = preSolution
		HideSolutionNode = FALSE
	EndGlobalSection
	GlobalSection(ExtensibilityGlobals) = postSolution
		SolutionGuid = {0413889E-2CA3-47E2-B541-1D6997D06488}
	EndGlobalSection
EndGlobal
